
Microsoft Visual Studio Solution File, Format Version 12.00
# Visual Studio Version 17
VisualStudioVersion = 17.5.33414.496
MinimumVisualStudioVersion = 10.0.40219.1
Project("{FAE04EC0-301F-11D3-BF4B-00C04F79EFBC}") = "ProjectCore.DataAccess", "ProjectCore.DataAccess\ProjectCore.DataAccess.csproj", "{69D5FACD-E0FF-4943-8DC9-49A144D30403}"
EndProject
Project("{FAE04EC0-301F-11D3-BF4B-00C04F79EFBC}") = "CorePackagesGeneral", "CorePackagesGeneral\CorePackagesGeneral.csproj", "{969C9CB1-36F3-43B4-A7A8-D17F92DDA685}"
EndProject
Global
	GlobalSection(SolutionConfigurationPlatforms) = preSolution
		Debug|Any CPU = Debug|Any CPU
		Release|Any CPU = Release|Any CPU
	EndGlobalSection
	GlobalSection(ProjectConfigurationPlatforms) = postSolution
		{69D5FACD-E0FF-4943-8DC9-49A144D30403}.Debug|Any CPU.ActiveCfg = Debug|Any CPU
		{69D5FACD-E0FF-4943-8DC9-49A144D30403}.Debug|Any CPU.Build.0 = Debug|Any CPU
		{69D5FACD-E0FF-4943-8DC9-49A144D30403}.Release|Any CPU.ActiveCfg = Release|Any CPU
		{69D5FACD-E0FF-4943-8DC9-49A144D30403}.Release|Any CPU.Build.0 = Release|Any CPU
		{969C9CB1-36F3-43B4-A7A8-D17F92DDA685}.Debug|Any CPU.ActiveCfg = Debug|Any CPU
		{969C9CB1-36F3-43B4-A7A8-D17F92DDA685}.Debug|Any CPU.Build.0 = Debug|Any CPU
		{969C9CB1-36F3-43B4-A7A8-D17F92DDA685}.Release|Any CPU.ActiveCfg = Release|Any CPU
		{969C9CB1-36F3-43B4-A7A8-D17F92DDA685}.Release|Any CPU.Build.0 = Release|Any CPU
	EndGlobalSection
	GlobalSection(SolutionProperties) = preSolution
		HideSolutionNode = FALSE
	EndGlobalSection
	GlobalSection(ExtensibilityGlobals) = postSolution
		SolutionGuid = {AE03DB15-0B7D-4C94-8BD1-883AB3486BFB}
	EndGlobalSection
EndGlobal
